
Microsoft Visual Studio Solution File, Format Version 12.00
# Visual Studio Version 16
VisualStudioVersion = 16.0.29613.14
MinimumVisualStudioVersion = 10.0.40219.1
Project("{FAE04EC0-301F-11D3-BF4B-00C04F79EFBC}") = "WpfApp1", "WpfApp1\WpfApp1.csproj", "{B262263D-404D-4064-9FC0-380B09AAB5CA}"
EndProject
Global
	GlobalSection(SolutionConfigurationPlatforms) = preSolution
		Debug|Any CPU = Debug|Any CPU
		Release|Any CPU = Release|Any CPU
	EndGlobalSection
	GlobalSection(ProjectConfigurationPlatforms) = postSolution
		{B262263D-404D-4064-9FC0-380B09AAB5CA}.Debug|Any CPU.ActiveCfg = Debug|Any CPU
		{B262263D-404D-4064-9FC0-380B09AAB5CA}.Debug|Any CPU.Build.0 = Debug|Any CPU
		{B262263D-404D-4064-9FC0-380B09AAB5CA}.Release|Any CPU.ActiveCfg = Release|Any CPU
		{B262263D-404D-4064-9FC0-380B09AAB5CA}.Release|Any CPU.Build.0 = Release|Any CPU
	EndGlobalSection
	GlobalSection(SolutionProperties) = preSolution
		HideSolutionNode = FALSE
	EndGlobalSection
	GlobalSection(ExtensibilityGlobals) = postSolution
		SolutionGuid = {689BE288-7CC4-4068-83A3-7B17AA88B0C0}
	EndGlobalSection
EndGlobal
